// !$*UTF8*$!
{
	archiveVersion = 1;
	classes = {
	};
	objectVersion = 56;
	objects = {

/* Begin PBXBuildFile section */
		391FADBB29E4248600C1AA37 /* SearchViewModelTests.swift in Sources */ = {isa = PBXBuildFile; fileRef = 391FADBA29E4248600C1AA37 /* SearchViewModelTests.swift */; };
		391FADBE29E424EC00C1AA37 /* ImageLoader.swift in Sources */ = {isa = PBXBuildFile; fileRef = 391FADBD29E424EC00C1AA37 /* ImageLoader.swift */; };
		391FADC029E424FB00C1AA37 /* UIImageLoader.swift in Sources */ = {isa = PBXBuildFile; fileRef = 391FADBF29E424FB00C1AA37 /* UIImageLoader.swift */; };
		391FADC229E4251E00C1AA37 /* UIImageViewLoader.swift in Sources */ = {isa = PBXBuildFile; fileRef = 391FADC129E4251E00C1AA37 /* UIImageViewLoader.swift */; };
		391FADC529E4266F00C1AA37 /* Localizable.strings in Resources */ = {isa = PBXBuildFile; fileRef = 391FADC729E4266F00C1AA37 /* Localizable.strings */; };
		391FADCA29E426E800C1AA37 /* UITableViewEmptyView.swift in Sources */ = {isa = PBXBuildFile; fileRef = 391FADC929E426E800C1AA37 /* UITableViewEmptyView.swift */; };
		39BE83A029FADCB50024D237 /* SearchResultDataSource.swift in Sources */ = {isa = PBXBuildFile; fileRef = 39BE839F29FADCB50024D237 /* SearchResultDataSource.swift */; };
		39BE83A629FB9AE60024D237 /* MockSearchMusic.swift in Sources */ = {isa = PBXBuildFile; fileRef = 39BE83A529FB9AE60024D237 /* MockSearchMusic.swift */; };
		39BE83A829FB9D080024D237 /* MockSearchMusicRespository.swift in Sources */ = {isa = PBXBuildFile; fileRef = 39BE83A729FB9D080024D237 /* MockSearchMusicRespository.swift */; };
		39BE83AF29FB9FA30024D237 /* SearchMusicRespositoryTests.swift in Sources */ = {isa = PBXBuildFile; fileRef = 39BE83AE29FB9FA30024D237 /* SearchMusicRespositoryTests.swift */; };
		39BE83B229FB9FED0024D237 /* MockiTunesSearchAPIService.swift in Sources */ = {isa = PBXBuildFile; fileRef = 39BE83B129FB9FED0024D237 /* MockiTunesSearchAPIService.swift */; };
		39BE83BD29FBAAEE0024D237 /* iTunesSearchAPIServiceTests.swift in Sources */ = {isa = PBXBuildFile; fileRef = 39BE83BC29FBAAEE0024D237 /* iTunesSearchAPIServiceTests.swift */; };
		39BE83C329FBAC490024D237 /* mock_response.json in Resources */ = {isa = PBXBuildFile; fileRef = 39BE83C129FBAC490024D237 /* mock_response.json */; };
		39BE83C429FBAC490024D237 /* empty_response.json in Resources */ = {isa = PBXBuildFile; fileRef = 39BE83C229FBAC490024D237 /* empty_response.json */; };
		39BE83C629FBAC5D0024D237 /* Mockable.swift in Sources */ = {isa = PBXBuildFile; fileRef = 39BE83C529FBAC5D0024D237 /* Mockable.swift */; };
		39BE83C829FBDF7D0024D237 /* MockURLProtocol.swift in Sources */ = {isa = PBXBuildFile; fileRef = 39BE83C729FBDF7D0024D237 /* MockURLProtocol.swift */; };
		39FE606329E417D5006FE94A /* AppDelegate.swift in Sources */ = {isa = PBXBuildFile; fileRef = 39FE606229E417D5006FE94A /* AppDelegate.swift */; };
		39FE606C29E417D8006FE94A /* Assets.xcassets in Resources */ = {isa = PBXBuildFile; fileRef = 39FE606B29E417D8006FE94A /* Assets.xcassets */; };
		39FE606F29E417D8006FE94A /* LaunchScreen.storyboard in Resources */ = {isa = PBXBuildFile; fileRef = 39FE606D29E417D8006FE94A /* LaunchScreen.storyboard */; };
		39FE607A29E417D8006FE94A /* SearchMusicTests.swift in Sources */ = {isa = PBXBuildFile; fileRef = 39FE607929E417D8006FE94A /* SearchMusicTests.swift */; };
		39FE609529E41996006FE94A /* RestClient.swift in Sources */ = {isa = PBXBuildFile; fileRef = 39FE609429E41996006FE94A /* RestClient.swift */; };
		39FE609729E419B0006FE94A /* Endpoint.swift in Sources */ = {isa = PBXBuildFile; fileRef = 39FE609629E419B0006FE94A /* Endpoint.swift */; };
		39FE609929E419C7006FE94A /* RestClientErrors.swift in Sources */ = {isa = PBXBuildFile; fileRef = 39FE609829E419C7006FE94A /* RestClientErrors.swift */; };
		39FE609B29E419DE006FE94A /* RestClientImpl.swift in Sources */ = {isa = PBXBuildFile; fileRef = 39FE609A29E419DE006FE94A /* RestClientImpl.swift */; };
		39FE609F29E41A54006FE94A /* SearchResultDto.swift in Sources */ = {isa = PBXBuildFile; fileRef = 39FE609E29E41A54006FE94A /* SearchResultDto.swift */; };
		39FE60A129E41A67006FE94A /* SearchResultsResponseDto.swift in Sources */ = {isa = PBXBuildFile; fileRef = 39FE60A029E41A67006FE94A /* SearchResultsResponseDto.swift */; };
		39FE60A329E41C11006FE94A /* SearchErrorDto.swift in Sources */ = {isa = PBXBuildFile; fileRef = 39FE60A229E41C11006FE94A /* SearchErrorDto.swift */; };
		39FE60A629E41C43006FE94A /* iTunesSearchAPIService.swift in Sources */ = {isa = PBXBuildFile; fileRef = 39FE60A529E41C43006FE94A /* iTunesSearchAPIService.swift */; };
		39FE60A829E41C58006FE94A /* SearchAPI.swift in Sources */ = {isa = PBXBuildFile; fileRef = 39FE60A729E41C58006FE94A /* SearchAPI.swift */; };
		39FE60AA29E41C6E006FE94A /* SearchAPIError.swift in Sources */ = {isa = PBXBuildFile; fileRef = 39FE60A929E41C6E006FE94A /* SearchAPIError.swift */; };
		39FE60AC29E41C82006FE94A /* iTunesSearchAPIServiceImpl.swift in Sources */ = {isa = PBXBuildFile; fileRef = 39FE60AB29E41C82006FE94A /* iTunesSearchAPIServiceImpl.swift */; };
		39FE60B729E41E69006FE94A /* SearchMusicRespository.swift in Sources */ = {isa = PBXBuildFile; fileRef = 39FE60B629E41E69006FE94A /* SearchMusicRespository.swift */; };
		39FE60B929E41E7F006FE94A /* SearchMusicRespositoryImpl.swift in Sources */ = {isa = PBXBuildFile; fileRef = 39FE60B829E41E7F006FE94A /* SearchMusicRespositoryImpl.swift */; };
		39FE60BD29E41EC0006FE94A /* SearchResult.swift in Sources */ = {isa = PBXBuildFile; fileRef = 39FE60BC29E41EC0006FE94A /* SearchResult.swift */; };
		39FE60BF29E41ED4006FE94A /* SearchResultAdaptor.swift in Sources */ = {isa = PBXBuildFile; fileRef = 39FE60BE29E41ED4006FE94A /* SearchResultAdaptor.swift */; };
		39FE60C229E41FB2006FE94A /* SearchMusic.swift in Sources */ = {isa = PBXBuildFile; fileRef = 39FE60C129E41FB2006FE94A /* SearchMusic.swift */; };
		39FE60C429E41FCB006FE94A /* SearchMusicImpl.swift in Sources */ = {isa = PBXBuildFile; fileRef = 39FE60C329E41FCB006FE94A /* SearchMusicImpl.swift */; };
		39FE60CD29E4214D006FE94A /* SearchViewController.swift in Sources */ = {isa = PBXBuildFile; fileRef = 39FE60CB29E4214D006FE94A /* SearchViewController.swift */; };
		39FE60D029E4217E006FE94A /* SearchViewModel.swift in Sources */ = {isa = PBXBuildFile; fileRef = 39FE60CF29E4217E006FE94A /* SearchViewModel.swift */; };
		39FE60D229E421B4006FE94A /* SearchCoordinator.swift in Sources */ = {isa = PBXBuildFile; fileRef = 39FE60D129E421B4006FE94A /* SearchCoordinator.swift */; };
		39FE60D429E4229B006FE94A /* Coordinator.swift in Sources */ = {isa = PBXBuildFile; fileRef = 39FE60D329E4229B006FE94A /* Coordinator.swift */; };
		39FE60D829E422DE006FE94A /* ReusableView.swift in Sources */ = {isa = PBXBuildFile; fileRef = 39FE60D729E422DE006FE94A /* ReusableView.swift */; };
		39FE60DA29E422F5006FE94A /* UITableView.swift in Sources */ = {isa = PBXBuildFile; fileRef = 39FE60D929E422F5006FE94A /* UITableView.swift */; };
		39FE60DE29E42337006FE94A /* SearchResultTableViewCell.swift in Sources */ = {isa = PBXBuildFile; fileRef = 39FE60DC29E42337006FE94A /* SearchResultTableViewCell.swift */; };
		39FE60DF29E42337006FE94A /* SearchResultTableViewCell.xib in Resources */ = {isa = PBXBuildFile; fileRef = 39FE60DD29E42337006FE94A /* SearchResultTableViewCell.xib */; };
/* End PBXBuildFile section */

/* Begin PBXContainerItemProxy section */
		39FE607629E417D8006FE94A /* PBXContainerItemProxy */ = {
			isa = PBXContainerItemProxy;
			containerPortal = 39FE605729E417D5006FE94A /* Project object */;
			proxyType = 1;
			remoteGlobalIDString = 39FE605E29E417D5006FE94A;
			remoteInfo = unwire;
		};
/* End PBXContainerItemProxy section */

/* Begin PBXFileReference section */
		391FADBA29E4248600C1AA37 /* SearchViewModelTests.swift */ = {isa = PBXFileReference; lastKnownFileType = sourcecode.swift; path = SearchViewModelTests.swift; sourceTree = "<group>"; };
		391FADBD29E424EC00C1AA37 /* ImageLoader.swift */ = {isa = PBXFileReference; lastKnownFileType = sourcecode.swift; path = ImageLoader.swift; sourceTree = "<group>"; };
		391FADBF29E424FB00C1AA37 /* UIImageLoader.swift */ = {isa = PBXFileReference; lastKnownFileType = sourcecode.swift; path = UIImageLoader.swift; sourceTree = "<group>"; };
		391FADC129E4251E00C1AA37 /* UIImageViewLoader.swift */ = {isa = PBXFileReference; lastKnownFileType = sourcecode.swift; path = UIImageViewLoader.swift; sourceTree = "<group>"; };
		391FADC629E4266F00C1AA37 /* en */ = {isa = PBXFileReference; lastKnownFileType = text.plist.strings; name = en; path = en.lproj/Localizable.strings; sourceTree = "<group>"; };
		391FADC829E4268100C1AA37 /* da */ = {isa = PBXFileReference; lastKnownFileType = text.plist.strings; name = da; path = da.lproj/Localizable.strings; sourceTree = "<group>"; };
		391FADC929E426E800C1AA37 /* UITableViewEmptyView.swift */ = {isa = PBXFileReference; lastKnownFileType = sourcecode.swift; path = UITableViewEmptyView.swift; sourceTree = "<group>"; };
		39BE839F29FADCB50024D237 /* SearchResultDataSource.swift */ = {isa = PBXFileReference; lastKnownFileType = sourcecode.swift; path = SearchResultDataSource.swift; sourceTree = "<group>"; };
		39BE83A529FB9AE60024D237 /* MockSearchMusic.swift */ = {isa = PBXFileReference; lastKnownFileType = sourcecode.swift; path = MockSearchMusic.swift; sourceTree = "<group>"; };
		39BE83A729FB9D080024D237 /* MockSearchMusicRespository.swift */ = {isa = PBXFileReference; lastKnownFileType = sourcecode.swift; path = MockSearchMusicRespository.swift; sourceTree = "<group>"; };
		39BE83AE29FB9FA30024D237 /* SearchMusicRespositoryTests.swift */ = {isa = PBXFileReference; lastKnownFileType = sourcecode.swift; path = SearchMusicRespositoryTests.swift; sourceTree = "<group>"; };
		39BE83B129FB9FED0024D237 /* MockiTunesSearchAPIService.swift */ = {isa = PBXFileReference; lastKnownFileType = sourcecode.swift; path = MockiTunesSearchAPIService.swift; sourceTree = "<group>"; };
		39BE83BC29FBAAEE0024D237 /* iTunesSearchAPIServiceTests.swift */ = {isa = PBXFileReference; fileEncoding = 4; lastKnownFileType = sourcecode.swift; path = iTunesSearchAPIServiceTests.swift; sourceTree = "<group>"; };
		39BE83C129FBAC490024D237 /* mock_response.json */ = {isa = PBXFileReference; fileEncoding = 4; lastKnownFileType = text.json; path = mock_response.json; sourceTree = "<group>"; };
		39BE83C229FBAC490024D237 /* empty_response.json */ = {isa = PBXFileReference; fileEncoding = 4; lastKnownFileType = text.json; path = empty_response.json; sourceTree = "<group>"; };
		39BE83C529FBAC5D0024D237 /* Mockable.swift */ = {isa = PBXFileReference; lastKnownFileType = sourcecode.swift; path = Mockable.swift; sourceTree = "<group>"; };
		39BE83C729FBDF7D0024D237 /* MockURLProtocol.swift */ = {isa = PBXFileReference; fileEncoding = 4; lastKnownFileType = sourcecode.swift; path = MockURLProtocol.swift; sourceTree = "<group>"; };
		39FE605F29E417D5006FE94A /* unwire.app */ = {isa = PBXFileReference; explicitFileType = wrapper.application; includeInIndex = 0; path = unwire.app; sourceTree = BUILT_PRODUCTS_DIR; };
		39FE606229E417D5006FE94A /* AppDelegate.swift */ = {isa = PBXFileReference; lastKnownFileType = sourcecode.swift; path = AppDelegate.swift; sourceTree = "<group>"; };
		39FE606B29E417D8006FE94A /* Assets.xcassets */ = {isa = PBXFileReference; lastKnownFileType = folder.assetcatalog; path = Assets.xcassets; sourceTree = "<group>"; };
		39FE606E29E417D8006FE94A /* Base */ = {isa = PBXFileReference; lastKnownFileType = file.storyboard; name = Base; path = Base.lproj/LaunchScreen.storyboard; sourceTree = "<group>"; };
		39FE607029E417D8006FE94A /* Info.plist */ = {isa = PBXFileReference; lastKnownFileType = text.plist.xml; path = Info.plist; sourceTree = "<group>"; };
		39FE607529E417D8006FE94A /* unwireTests.xctest */ = {isa = PBXFileReference; explicitFileType = wrapper.cfbundle; includeInIndex = 0; path = unwireTests.xctest; sourceTree = BUILT_PRODUCTS_DIR; };
		39FE607929E417D8006FE94A /* SearchMusicTests.swift */ = {isa = PBXFileReference; lastKnownFileType = sourcecode.swift; path = SearchMusicTests.swift; sourceTree = "<group>"; };
		39FE609429E41996006FE94A /* RestClient.swift */ = {isa = PBXFileReference; lastKnownFileType = sourcecode.swift; path = RestClient.swift; sourceTree = "<group>"; };
		39FE609629E419B0006FE94A /* Endpoint.swift */ = {isa = PBXFileReference; lastKnownFileType = sourcecode.swift; path = Endpoint.swift; sourceTree = "<group>"; };
		39FE609829E419C7006FE94A /* RestClientErrors.swift */ = {isa = PBXFileReference; lastKnownFileType = sourcecode.swift; path = RestClientErrors.swift; sourceTree = "<group>"; };
		39FE609A29E419DE006FE94A /* RestClientImpl.swift */ = {isa = PBXFileReference; lastKnownFileType = sourcecode.swift; path = RestClientImpl.swift; sourceTree = "<group>"; };
		39FE609E29E41A54006FE94A /* SearchResultDto.swift */ = {isa = PBXFileReference; lastKnownFileType = sourcecode.swift; path = SearchResultDto.swift; sourceTree = "<group>"; };
		39FE60A029E41A67006FE94A /* SearchResultsResponseDto.swift */ = {isa = PBXFileReference; lastKnownFileType = sourcecode.swift; path = SearchResultsResponseDto.swift; sourceTree = "<group>"; };
		39FE60A229E41C11006FE94A /* SearchErrorDto.swift */ = {isa = PBXFileReference; lastKnownFileType = sourcecode.swift; path = SearchErrorDto.swift; sourceTree = "<group>"; };
		39FE60A529E41C43006FE94A /* iTunesSearchAPIService.swift */ = {isa = PBXFileReference; lastKnownFileType = sourcecode.swift; path = iTunesSearchAPIService.swift; sourceTree = "<group>"; };
		39FE60A729E41C58006FE94A /* SearchAPI.swift */ = {isa = PBXFileReference; lastKnownFileType = sourcecode.swift; path = SearchAPI.swift; sourceTree = "<group>"; };
		39FE60A929E41C6E006FE94A /* SearchAPIError.swift */ = {isa = PBXFileReference; lastKnownFileType = sourcecode.swift; path = SearchAPIError.swift; sourceTree = "<group>"; };
		39FE60AB29E41C82006FE94A /* iTunesSearchAPIServiceImpl.swift */ = {isa = PBXFileReference; lastKnownFileType = sourcecode.swift; path = iTunesSearchAPIServiceImpl.swift; sourceTree = "<group>"; };
		39FE60B629E41E69006FE94A /* SearchMusicRespository.swift */ = {isa = PBXFileReference; lastKnownFileType = sourcecode.swift; path = SearchMusicRespository.swift; sourceTree = "<group>"; };
		39FE60B829E41E7F006FE94A /* SearchMusicRespositoryImpl.swift */ = {isa = PBXFileReference; lastKnownFileType = sourcecode.swift; path = SearchMusicRespositoryImpl.swift; sourceTree = "<group>"; };
		39FE60BC29E41EC0006FE94A /* SearchResult.swift */ = {isa = PBXFileReference; lastKnownFileType = sourcecode.swift; path = SearchResult.swift; sourceTree = "<group>"; };
		39FE60BE29E41ED4006FE94A /* SearchResultAdaptor.swift */ = {isa = PBXFileReference; lastKnownFileType = sourcecode.swift; path = SearchResultAdaptor.swift; sourceTree = "<group>"; };
		39FE60C129E41FB2006FE94A /* SearchMusic.swift */ = {isa = PBXFileReference; lastKnownFileType = sourcecode.swift; path = SearchMusic.swift; sourceTree = "<group>"; };
		39FE60C329E41FCB006FE94A /* SearchMusicImpl.swift */ = {isa = PBXFileReference; lastKnownFileType = sourcecode.swift; path = SearchMusicImpl.swift; sourceTree = "<group>"; };
		39FE60CB29E4214D006FE94A /* SearchViewController.swift */ = {isa = PBXFileReference; lastKnownFileType = sourcecode.swift; path = SearchViewController.swift; sourceTree = "<group>"; };
		39FE60CF29E4217E006FE94A /* SearchViewModel.swift */ = {isa = PBXFileReference; lastKnownFileType = sourcecode.swift; path = SearchViewModel.swift; sourceTree = "<group>"; };
		39FE60D129E421B4006FE94A /* SearchCoordinator.swift */ = {isa = PBXFileReference; lastKnownFileType = sourcecode.swift; path = SearchCoordinator.swift; sourceTree = "<group>"; };
		39FE60D329E4229B006FE94A /* Coordinator.swift */ = {isa = PBXFileReference; lastKnownFileType = sourcecode.swift; path = Coordinator.swift; sourceTree = "<group>"; };
		39FE60D729E422DE006FE94A /* ReusableView.swift */ = {isa = PBXFileReference; lastKnownFileType = sourcecode.swift; path = ReusableView.swift; sourceTree = "<group>"; };
		39FE60D929E422F5006FE94A /* UITableView.swift */ = {isa = PBXFileReference; lastKnownFileType = sourcecode.swift; path = UITableView.swift; sourceTree = "<group>"; };
		39FE60DC29E42337006FE94A /* SearchResultTableViewCell.swift */ = {isa = PBXFileReference; lastKnownFileType = sourcecode.swift; path = SearchResultTableViewCell.swift; sourceTree = "<group>"; };
		39FE60DD29E42337006FE94A /* SearchResultTableViewCell.xib */ = {isa = PBXFileReference; lastKnownFileType = file.xib; path = SearchResultTableViewCell.xib; sourceTree = "<group>"; };
/* End PBXFileReference section */

/* Begin PBXFrameworksBuildPhase section */
		39FE605C29E417D5006FE94A /* Frameworks */ = {
			isa = PBXFrameworksBuildPhase;
			buildActionMask = 2147483647;
			files = (
			);
			runOnlyForDeploymentPostprocessing = 0;
		};
		39FE607229E417D8006FE94A /* Frameworks */ = {
			isa = PBXFrameworksBuildPhase;
			buildActionMask = 2147483647;
			files = (
			);
			runOnlyForDeploymentPostprocessing = 0;
		};
/* End PBXFrameworksBuildPhase section */

/* Begin PBXGroup section */
		391FADBC29E424DE00C1AA37 /* image */ = {
			isa = PBXGroup;
			children = (
				391FADBD29E424EC00C1AA37 /* ImageLoader.swift */,
				391FADBF29E424FB00C1AA37 /* UIImageLoader.swift */,
			);
			path = image;
			sourceTree = "<group>";
		};
		39BE83A129FB9AA00024D237 /* SearchMusic */ = {
			isa = PBXGroup;
			children = (
				39FE607929E417D8006FE94A /* SearchMusicTests.swift */,
				39BE83A229FB9AAB0024D237 /* Mock */,
			);
			path = SearchMusic;
			sourceTree = "<group>";
		};
		39BE83A229FB9AAB0024D237 /* Mock */ = {
			isa = PBXGroup;
			children = (
				39BE83A729FB9D080024D237 /* MockSearchMusicRespository.swift */,
			);
			path = Mock;
			sourceTree = "<group>";
		};
		39BE83A329FB9ABE0024D237 /* SearchViewModel */ = {
			isa = PBXGroup;
			children = (
				391FADBA29E4248600C1AA37 /* SearchViewModelTests.swift */,
				39BE83A429FB9AC80024D237 /* Mock */,
			);
			path = SearchViewModel;
			sourceTree = "<group>";
		};
		39BE83A429FB9AC80024D237 /* Mock */ = {
			isa = PBXGroup;
			children = (
				39BE83A529FB9AE60024D237 /* MockSearchMusic.swift */,
			);
			path = Mock;
			sourceTree = "<group>";
		};
		39BE83AD29FB9F970024D237 /* SearchMusicRespository */ = {
			isa = PBXGroup;
			children = (
				39BE83AE29FB9FA30024D237 /* SearchMusicRespositoryTests.swift */,
				39BE83B029FB9FAA0024D237 /* Mock */,
			);
			path = SearchMusicRespository;
			sourceTree = "<group>";
		};
		39BE83B029FB9FAA0024D237 /* Mock */ = {
			isa = PBXGroup;
			children = (
				39BE83B129FB9FED0024D237 /* MockiTunesSearchAPIService.swift */,
			);
			path = Mock;
			sourceTree = "<group>";
		};
		39BE83BB29FBAAD70024D237 /* iTunesSearchAPIService */ = {
			isa = PBXGroup;
			children = (
				39BE83BC29FBAAEE0024D237 /* iTunesSearchAPIServiceTests.swift */,
				39BE83BE29FBAB440024D237 /* Mock */,
			);
			path = iTunesSearchAPIService;
			sourceTree = "<group>";
		};
		39BE83BE29FBAB440024D237 /* Mock */ = {
			isa = PBXGroup;
			children = (
				39BE83C229FBAC490024D237 /* empty_response.json */,
				39BE83C129FBAC490024D237 /* mock_response.json */,
				39BE83C729FBDF7D0024D237 /* MockURLProtocol.swift */,
				39BE83C529FBAC5D0024D237 /* Mockable.swift */,
			);
			path = Mock;
			sourceTree = "<group>";
		};
		39FE605629E417D5006FE94A = {
			isa = PBXGroup;
			children = (
				39FE606129E417D5006FE94A /* unwire */,
				39FE607829E417D8006FE94A /* unwireTests */,
				39FE606029E417D5006FE94A /* Products */,
			);
			sourceTree = "<group>";
		};
		39FE606029E417D5006FE94A /* Products */ = {
			isa = PBXGroup;
			children = (
				39FE605F29E417D5006FE94A /* unwire.app */,
				39FE607529E417D8006FE94A /* unwireTests.xctest */,
			);
			name = Products;
			sourceTree = "<group>";
		};
		39FE606129E417D5006FE94A /* unwire */ = {
			isa = PBXGroup;
			children = (
				39FE609229E4197A006FE94A /* core */,
				39FE609C29E41A40006FE94A /* data */,
				39FE60BA29E41E9C006FE94A /* domain */,
				39FE60C729E42104006FE94A /* presentation */,
				39FE606229E417D5006FE94A /* AppDelegate.swift */,
				39FE606B29E417D8006FE94A /* Assets.xcassets */,
				39FE606D29E417D8006FE94A /* LaunchScreen.storyboard */,
				39FE607029E417D8006FE94A /* Info.plist */,
				391FADC729E4266F00C1AA37 /* Localizable.strings */,
			);
			path = unwire;
			sourceTree = "<group>";
		};
		39FE607829E417D8006FE94A /* unwireTests */ = {
			isa = PBXGroup;
			children = (
				39BE83A329FB9ABE0024D237 /* SearchViewModel */,
				39BE83A129FB9AA00024D237 /* SearchMusic */,
				39BE83AD29FB9F970024D237 /* SearchMusicRespository */,
				39BE83BB29FBAAD70024D237 /* iTunesSearchAPIService */,
			);
			path = unwireTests;
			sourceTree = "<group>";
		};
		39FE609229E4197A006FE94A /* core */ = {
			isa = PBXGroup;
			children = (
				391FADBC29E424DE00C1AA37 /* image */,
				39FE609329E4197E006FE94A /* network */,
				39FE60AD29E41CAA006FE94A /* extensions */,
				39FE60D329E4229B006FE94A /* Coordinator.swift */,
			);
			path = core;
			sourceTree = "<group>";
		};
		39FE609329E4197E006FE94A /* network */ = {
			isa = PBXGroup;
			children = (
				39FE609429E41996006FE94A /* RestClient.swift */,
				39FE609A29E419DE006FE94A /* RestClientImpl.swift */,
				39FE609629E419B0006FE94A /* Endpoint.swift */,
				39FE609829E419C7006FE94A /* RestClientErrors.swift */,
			);
			path = network;
			sourceTree = "<group>";
		};
		39FE609C29E41A40006FE94A /* data */ = {
			isa = PBXGroup;
			children = (
				39FE609D29E41A48006FE94A /* model */,
				39FE60A429E41C33006FE94A /* service */,
				39FE60B129E41D11006FE94A /* repository */,
			);
			path = data;
			sourceTree = "<group>";
		};
		39FE609D29E41A48006FE94A /* model */ = {
			isa = PBXGroup;
			children = (
				39FE609E29E41A54006FE94A /* SearchResultDto.swift */,
				39FE60A029E41A67006FE94A /* SearchResultsResponseDto.swift */,
				39FE60A229E41C11006FE94A /* SearchErrorDto.swift */,
			);
			path = model;
			sourceTree = "<group>";
		};
		39FE60A429E41C33006FE94A /* service */ = {
			isa = PBXGroup;
			children = (
				39FE60A529E41C43006FE94A /* iTunesSearchAPIService.swift */,
				39FE60AB29E41C82006FE94A /* iTunesSearchAPIServiceImpl.swift */,
				39FE60A729E41C58006FE94A /* SearchAPI.swift */,
				39FE60A929E41C6E006FE94A /* SearchAPIError.swift */,
			);
			path = service;
			sourceTree = "<group>";
		};
		39FE60AD29E41CAA006FE94A /* extensions */ = {
			isa = PBXGroup;
			children = (
				39FE60D729E422DE006FE94A /* ReusableView.swift */,
				39FE60D929E422F5006FE94A /* UITableView.swift */,
				391FADC129E4251E00C1AA37 /* UIImageViewLoader.swift */,
				391FADC929E426E800C1AA37 /* UITableViewEmptyView.swift */,
			);
			path = extensions;
			sourceTree = "<group>";
		};
		39FE60B129E41D11006FE94A /* repository */ = {
			isa = PBXGroup;
			children = (
				39FE60B629E41E69006FE94A /* SearchMusicRespository.swift */,
				39FE60B829E41E7F006FE94A /* SearchMusicRespositoryImpl.swift */,
				39FE60BE29E41ED4006FE94A /* SearchResultAdaptor.swift */,
			);
			path = repository;
			sourceTree = "<group>";
		};
		39FE60BA29E41E9C006FE94A /* domain */ = {
			isa = PBXGroup;
			children = (
				39FE60BB29E41EB1006FE94A /* entity */,
				39FE60C029E41F88006FE94A /* usecases */,
			);
			path = domain;
			sourceTree = "<group>";
		};
		39FE60BB29E41EB1006FE94A /* entity */ = {
			isa = PBXGroup;
			children = (
				39FE60BC29E41EC0006FE94A /* SearchResult.swift */,
			);
			path = entity;
			sourceTree = "<group>";
		};
		39FE60C029E41F88006FE94A /* usecases */ = {
			isa = PBXGroup;
			children = (
				39FE60C129E41FB2006FE94A /* SearchMusic.swift */,
				39FE60C329E41FCB006FE94A /* SearchMusicImpl.swift */,
			);
			path = usecases;
			sourceTree = "<group>";
		};
		39FE60C729E42104006FE94A /* presentation */ = {
			isa = PBXGroup;
			children = (
				39FE60C829E42110006FE94A /* search */,
			);
			path = presentation;
			sourceTree = "<group>";
		};
		39FE60C829E42110006FE94A /* search */ = {
			isa = PBXGroup;
			children = (
				39FE60D129E421B4006FE94A /* SearchCoordinator.swift */,
				39FE60CB29E4214D006FE94A /* SearchViewController.swift */,
				39BE839F29FADCB50024D237 /* SearchResultDataSource.swift */,
				39FE60CF29E4217E006FE94A /* SearchViewModel.swift */,
				39FE60DB29E42315006FE94A /* cells */,
			);
			path = search;
			sourceTree = "<group>";
		};
		39FE60DB29E42315006FE94A /* cells */ = {
			isa = PBXGroup;
			children = (
				39FE60DC29E42337006FE94A /* SearchResultTableViewCell.swift */,
				39FE60DD29E42337006FE94A /* SearchResultTableViewCell.xib */,
			);
			path = cells;
			sourceTree = "<group>";
		};
/* End PBXGroup section */

/* Begin PBXNativeTarget section */
		39FE605E29E417D5006FE94A /* unwire */ = {
			isa = PBXNativeTarget;
			buildConfigurationList = 39FE608929E417D8006FE94A /* Build configuration list for PBXNativeTarget "unwire" */;
			buildPhases = (
				39FE605B29E417D5006FE94A /* Sources */,
				39FE605C29E417D5006FE94A /* Frameworks */,
				39FE605D29E417D5006FE94A /* Resources */,
			);
			buildRules = (
			);
			dependencies = (
			);
			name = unwire;
			productName = unwire;
			productReference = 39FE605F29E417D5006FE94A /* unwire.app */;
			productType = "com.apple.product-type.application";
		};
		39FE607429E417D8006FE94A /* unwireTests */ = {
			isa = PBXNativeTarget;
			buildConfigurationList = 39FE608C29E417D8006FE94A /* Build configuration list for PBXNativeTarget "unwireTests" */;
			buildPhases = (
				39FE607129E417D8006FE94A /* Sources */,
				39FE607229E417D8006FE94A /* Frameworks */,
				39FE607329E417D8006FE94A /* Resources */,
			);
			buildRules = (
			);
			dependencies = (
				39FE607729E417D8006FE94A /* PBXTargetDependency */,
			);
			name = unwireTests;
			productName = unwireTests;
			productReference = 39FE607529E417D8006FE94A /* unwireTests.xctest */;
			productType = "com.apple.product-type.bundle.unit-test";
		};
/* End PBXNativeTarget section */

/* Begin PBXProject section */
		39FE605729E417D5006FE94A /* Project object */ = {
			isa = PBXProject;
			attributes = {
				BuildIndependentTargetsInParallel = 1;
				LastSwiftUpdateCheck = 1410;
				LastUpgradeCheck = 1410;
				TargetAttributes = {
					39FE605E29E417D5006FE94A = {
						CreatedOnToolsVersion = 14.1;
					};
					39FE607429E417D8006FE94A = {
						CreatedOnToolsVersion = 14.1;
						TestTargetID = 39FE605E29E417D5006FE94A;
					};
				};
			};
			buildConfigurationList = 39FE605A29E417D5006FE94A /* Build configuration list for PBXProject "unwire" */;
			compatibilityVersion = "Xcode 14.0";
			developmentRegion = en;
			hasScannedForEncodings = 0;
			knownRegions = (
				en,
				Base,
				da,
			);
			mainGroup = 39FE605629E417D5006FE94A;
			productRefGroup = 39FE606029E417D5006FE94A /* Products */;
			projectDirPath = "";
			projectRoot = "";
			targets = (
				39FE605E29E417D5006FE94A /* unwire */,
				39FE607429E417D8006FE94A /* unwireTests */,
			);
		};
/* End PBXProject section */

/* Begin PBXResourcesBuildPhase section */
		39FE605D29E417D5006FE94A /* Resources */ = {
			isa = PBXResourcesBuildPhase;
			buildActionMask = 2147483647;
			files = (
				391FADC529E4266F00C1AA37 /* Localizable.strings in Resources */,
				39FE606F29E417D8006FE94A /* LaunchScreen.storyboard in Resources */,
				39FE606C29E417D8006FE94A /* Assets.xcassets in Resources */,
				39FE60DF29E42337006FE94A /* SearchResultTableViewCell.xib in Resources */,
			);
			runOnlyForDeploymentPostprocessing = 0;
		};
		39FE607329E417D8006FE94A /* Resources */ = {
			isa = PBXResourcesBuildPhase;
			buildActionMask = 2147483647;
			files = (
				39BE83C429FBAC490024D237 /* empty_response.json in Resources */,
				39BE83C329FBAC490024D237 /* mock_response.json in Resources */,
			);
			runOnlyForDeploymentPostprocessing = 0;
		};
/* End PBXResourcesBuildPhase section */

/* Begin PBXSourcesBuildPhase section */
		39FE605B29E417D5006FE94A /* Sources */ = {
			isa = PBXSourcesBuildPhase;
			buildActionMask = 2147483647;
			files = (
				391FADCA29E426E800C1AA37 /* UITableViewEmptyView.swift in Sources */,
				39BE83A029FADCB50024D237 /* SearchResultDataSource.swift in Sources */,
				39FE60D029E4217E006FE94A /* SearchViewModel.swift in Sources */,
				39FE60A829E41C58006FE94A /* SearchAPI.swift in Sources */,
				39FE60BF29E41ED4006FE94A /* SearchResultAdaptor.swift in Sources */,
				391FADBE29E424EC00C1AA37 /* ImageLoader.swift in Sources */,
				39FE60A129E41A67006FE94A /* SearchResultsResponseDto.swift in Sources */,
				39FE60DA29E422F5006FE94A /* UITableView.swift in Sources */,
				39FE60C429E41FCB006FE94A /* SearchMusicImpl.swift in Sources */,
				39FE60BD29E41EC0006FE94A /* SearchResult.swift in Sources */,
				39FE60D829E422DE006FE94A /* ReusableView.swift in Sources */,
				39FE609F29E41A54006FE94A /* SearchResultDto.swift in Sources */,
				39FE609B29E419DE006FE94A /* RestClientImpl.swift in Sources */,
				391FADC029E424FB00C1AA37 /* UIImageLoader.swift in Sources */,
				39FE60D429E4229B006FE94A /* Coordinator.swift in Sources */,
				39FE60D229E421B4006FE94A /* SearchCoordinator.swift in Sources */,
				39FE60DE29E42337006FE94A /* SearchResultTableViewCell.swift in Sources */,
				39FE60B729E41E69006FE94A /* SearchMusicRespository.swift in Sources */,
				39FE60B929E41E7F006FE94A /* SearchMusicRespositoryImpl.swift in Sources */,
				39FE60C229E41FB2006FE94A /* SearchMusic.swift in Sources */,
				39FE609529E41996006FE94A /* RestClient.swift in Sources */,
				391FADC229E4251E00C1AA37 /* UIImageViewLoader.swift in Sources */,
				39FE60A629E41C43006FE94A /* iTunesSearchAPIService.swift in Sources */,
				39FE609729E419B0006FE94A /* Endpoint.swift in Sources */,
				39FE60AA29E41C6E006FE94A /* SearchAPIError.swift in Sources */,
				39FE60CD29E4214D006FE94A /* SearchViewController.swift in Sources */,
				39FE606329E417D5006FE94A /* AppDelegate.swift in Sources */,
				39FE60A329E41C11006FE94A /* SearchErrorDto.swift in Sources */,
				39FE60AC29E41C82006FE94A /* iTunesSearchAPIServiceImpl.swift in Sources */,
				39FE609929E419C7006FE94A /* RestClientErrors.swift in Sources */,
			);
			runOnlyForDeploymentPostprocessing = 0;
		};
		39FE607129E417D8006FE94A /* Sources */ = {
			isa = PBXSourcesBuildPhase;
			buildActionMask = 2147483647;
			files = (
				39BE83B229FB9FED0024D237 /* MockiTunesSearchAPIService.swift in Sources */,
				391FADBB29E4248600C1AA37 /* SearchViewModelTests.swift in Sources */,
				39BE83BD29FBAAEE0024D237 /* iTunesSearchAPIServiceTests.swift in Sources */,
				39BE83C829FBDF7D0024D237 /* MockURLProtocol.swift in Sources */,
				39FE607A29E417D8006FE94A /* SearchMusicTests.swift in Sources */,
				39BE83AF29FB9FA30024D237 /* SearchMusicRespositoryTests.swift in Sources */,
				39BE83A829FB9D080024D237 /* MockSearchMusicRespository.swift in Sources */,
				39BE83A629FB9AE60024D237 /* MockSearchMusic.swift in Sources */,
				39BE83C629FBAC5D0024D237 /* Mockable.swift in Sources */,
			);
			runOnlyForDeploymentPostprocessing = 0;
		};
/* End PBXSourcesBuildPhase section */

/* Begin PBXTargetDependency section */
		39FE607729E417D8006FE94A /* PBXTargetDependency */ = {
			isa = PBXTargetDependency;
			target = 39FE605E29E417D5006FE94A /* unwire */;
			targetProxy = 39FE607629E417D8006FE94A /* PBXContainerItemProxy */;
		};
/* End PBXTargetDependency section */

/* Begin PBXVariantGroup section */
		391FADC729E4266F00C1AA37 /* Localizable.strings */ = {
			isa = PBXVariantGroup;
			children = (
				391FADC629E4266F00C1AA37 /* en */,
				391FADC829E4268100C1AA37 /* da */,
			);
			name = Localizable.strings;
			sourceTree = "<group>";
		};
		39FE606D29E417D8006FE94A /* LaunchScreen.storyboard */ = {
			isa = PBXVariantGroup;
			children = (
				39FE606E29E417D8006FE94A /* Base */,
			);
			name = LaunchScreen.storyboard;
			sourceTree = "<group>";
		};
/* End PBXVariantGroup section */

/* Begin XCBuildConfiguration section */
		39FE608729E417D8006FE94A /* Debug */ = {
			isa = XCBuildConfiguration;
			buildSettings = {
				ALWAYS_SEARCH_USER_PATHS = NO;
				CLANG_ANALYZER_LOCALIZABILITY_NONLOCALIZED = YES;
				CLANG_ANALYZER_NONNULL = YES;
				CLANG_ANALYZER_NUMBER_OBJECT_CONVERSION = YES_AGGRESSIVE;
				CLANG_CXX_LANGUAGE_STANDARD = "gnu++20";
				CLANG_ENABLE_MODULES = YES;
				CLANG_ENABLE_OBJC_ARC = YES;
				CLANG_ENABLE_OBJC_WEAK = YES;
				CLANG_WARN_BLOCK_CAPTURE_AUTORELEASING = YES;
				CLANG_WARN_BOOL_CONVERSION = YES;
				CLANG_WARN_COMMA = YES;
				CLANG_WARN_CONSTANT_CONVERSION = YES;
				CLANG_WARN_DEPRECATED_OBJC_IMPLEMENTATIONS = YES;
				CLANG_WARN_DIRECT_OBJC_ISA_USAGE = YES_ERROR;
				CLANG_WARN_DOCUMENTATION_COMMENTS = YES;
				CLANG_WARN_EMPTY_BODY = YES;
				CLANG_WARN_ENUM_CONVERSION = YES;
				CLANG_WARN_INFINITE_RECURSION = YES;
				CLANG_WARN_INT_CONVERSION = YES;
				CLANG_WARN_NON_LITERAL_NULL_CONVERSION = YES;
				CLANG_WARN_OBJC_IMPLICIT_RETAIN_SELF = YES;
				CLANG_WARN_OBJC_LITERAL_CONVERSION = YES;
				CLANG_WARN_OBJC_ROOT_CLASS = YES_ERROR;
				CLANG_WARN_QUOTED_INCLUDE_IN_FRAMEWORK_HEADER = YES;
				CLANG_WARN_RANGE_LOOP_ANALYSIS = YES;
				CLANG_WARN_STRICT_PROTOTYPES = YES;
				CLANG_WARN_SUSPICIOUS_MOVE = YES;
				CLANG_WARN_UNGUARDED_AVAILABILITY = YES_AGGRESSIVE;
				CLANG_WARN_UNREACHABLE_CODE = YES;
				CLANG_WARN__DUPLICATE_METHOD_MATCH = YES;
				COPY_PHASE_STRIP = NO;
				DEBUG_INFORMATION_FORMAT = dwarf;
				ENABLE_STRICT_OBJC_MSGSEND = YES;
				ENABLE_TESTABILITY = YES;
				GCC_C_LANGUAGE_STANDARD = gnu11;
				GCC_DYNAMIC_NO_PIC = NO;
				GCC_NO_COMMON_BLOCKS = YES;
				GCC_OPTIMIZATION_LEVEL = 0;
				GCC_PREPROCESSOR_DEFINITIONS = (
					"DEBUG=1",
					"$(inherited)",
				);
				GCC_WARN_64_TO_32_BIT_CONVERSION = YES;
				GCC_WARN_ABOUT_RETURN_TYPE = YES_ERROR;
				GCC_WARN_UNDECLARED_SELECTOR = YES;
				GCC_WARN_UNINITIALIZED_AUTOS = YES_AGGRESSIVE;
				GCC_WARN_UNUSED_FUNCTION = YES;
				GCC_WARN_UNUSED_VARIABLE = YES;
				IPHONEOS_DEPLOYMENT_TARGET = 16.1;
				MTL_ENABLE_DEBUG_INFO = INCLUDE_SOURCE;
				MTL_FAST_MATH = YES;
				ONLY_ACTIVE_ARCH = YES;
				SDKROOT = iphoneos;
				SWIFT_ACTIVE_COMPILATION_CONDITIONS = DEBUG;
				SWIFT_OPTIMIZATION_LEVEL = "-Onone";
			};
			name = Debug;
		};
		39FE608829E417D8006FE94A /* Release */ = {
			isa = XCBuildConfiguration;
			buildSettings = {
				ALWAYS_SEARCH_USER_PATHS = NO;
				CLANG_ANALYZER_LOCALIZABILITY_NONLOCALIZED = YES;
				CLANG_ANALYZER_NONNULL = YES;
				CLANG_ANALYZER_NUMBER_OBJECT_CONVERSION = YES_AGGRESSIVE;
				CLANG_CXX_LANGUAGE_STANDARD = "gnu++20";
				CLANG_ENABLE_MODULES = YES;
				CLANG_ENABLE_OBJC_ARC = YES;
				CLANG_ENABLE_OBJC_WEAK = YES;
				CLANG_WARN_BLOCK_CAPTURE_AUTORELEASING = YES;
				CLANG_WARN_BOOL_CONVERSION = YES;
				CLANG_WARN_COMMA = YES;
				CLANG_WARN_CONSTANT_CONVERSION = YES;
				CLANG_WARN_DEPRECATED_OBJC_IMPLEMENTATIONS = YES;
				CLANG_WARN_DIRECT_OBJC_ISA_USAGE = YES_ERROR;
				CLANG_WARN_DOCUMENTATION_COMMENTS = YES;
				CLANG_WARN_EMPTY_BODY = YES;
				CLANG_WARN_ENUM_CONVERSION = YES;
				CLANG_WARN_INFINITE_RECURSION = YES;
				CLANG_WARN_INT_CONVERSION = YES;
				CLANG_WARN_NON_LITERAL_NULL_CONVERSION = YES;
				CLANG_WARN_OBJC_IMPLICIT_RETAIN_SELF = YES;
				CLANG_WARN_OBJC_LITERAL_CONVERSION = YES;
				CLANG_WARN_OBJC_ROOT_CLASS = YES_ERROR;
				CLANG_WARN_QUOTED_INCLUDE_IN_FRAMEWORK_HEADER = YES;
				CLANG_WARN_RANGE_LOOP_ANALYSIS = YES;
				CLANG_WARN_STRICT_PROTOTYPES = YES;
				CLANG_WARN_SUSPICIOUS_MOVE = YES;
				CLANG_WARN_UNGUARDED_AVAILABILITY = YES_AGGRESSIVE;
				CLANG_WARN_UNREACHABLE_CODE = YES;
				CLANG_WARN__DUPLICATE_METHOD_MATCH = YES;
				COPY_PHASE_STRIP = NO;
				DEBUG_INFORMATION_FORMAT = "dwarf-with-dsym";
				ENABLE_NS_ASSERTIONS = NO;
				ENABLE_STRICT_OBJC_MSGSEND = YES;
				GCC_C_LANGUAGE_STANDARD = gnu11;
				GCC_NO_COMMON_BLOCKS = YES;
				GCC_WARN_64_TO_32_BIT_CONVERSION = YES;
				GCC_WARN_ABOUT_RETURN_TYPE = YES_ERROR;
				GCC_WARN_UNDECLARED_SELECTOR = YES;
				GCC_WARN_UNINITIALIZED_AUTOS = YES_AGGRESSIVE;
				GCC_WARN_UNUSED_FUNCTION = YES;
				GCC_WARN_UNUSED_VARIABLE = YES;
				IPHONEOS_DEPLOYMENT_TARGET = 16.1;
				MTL_ENABLE_DEBUG_INFO = NO;
				MTL_FAST_MATH = YES;
				SDKROOT = iphoneos;
				SWIFT_COMPILATION_MODE = wholemodule;
				SWIFT_OPTIMIZATION_LEVEL = "-O";
				VALIDATE_PRODUCT = YES;
			};
			name = Release;
		};
		39FE608A29E417D8006FE94A /* Debug */ = {
			isa = XCBuildConfiguration;
			buildSettings = {
				ASSETCATALOG_COMPILER_APPICON_NAME = AppIcon;
				ASSETCATALOG_COMPILER_GLOBAL_ACCENT_COLOR_NAME = AccentColor;
				CODE_SIGN_STYLE = Automatic;
				CURRENT_PROJECT_VERSION = 1;
				GENERATE_INFOPLIST_FILE = YES;
				INFOPLIST_FILE = unwire/Info.plist;
				INFOPLIST_KEY_UIApplicationSupportsIndirectInputEvents = YES;
				INFOPLIST_KEY_UILaunchStoryboardName = LaunchScreen;
				INFOPLIST_KEY_UISupportedInterfaceOrientations_iPad = "UIInterfaceOrientationPortrait UIInterfaceOrientationPortraitUpsideDown UIInterfaceOrientationLandscapeLeft UIInterfaceOrientationLandscapeRight";
				INFOPLIST_KEY_UISupportedInterfaceOrientations_iPhone = "UIInterfaceOrientationPortrait UIInterfaceOrientationLandscapeLeft UIInterfaceOrientationLandscapeRight";
				LD_RUNPATH_SEARCH_PATHS = (
					"$(inherited)",
					"@executable_path/Frameworks",
				);
				MARKETING_VERSION = 1.0;
				PRODUCT_BUNDLE_IDENTIFIER = unwire.unwire;
				PRODUCT_NAME = "$(TARGET_NAME)";
				SWIFT_EMIT_LOC_STRINGS = YES;
				SWIFT_VERSION = 5.0;
				TARGETED_DEVICE_FAMILY = "1,2";
			};
			name = Debug;
		};
		39FE608B29E417D8006FE94A /* Release */ = {
			isa = XCBuildConfiguration;
			buildSettings = {
				ASSETCATALOG_COMPILER_APPICON_NAME = AppIcon;
				ASSETCATALOG_COMPILER_GLOBAL_ACCENT_COLOR_NAME = AccentColor;
				CODE_SIGN_STYLE = Automatic;
				CURRENT_PROJECT_VERSION = 1;
				GENERATE_INFOPLIST_FILE = YES;
				INFOPLIST_FILE = unwire/Info.plist;
				INFOPLIST_KEY_UIApplicationSupportsIndirectInputEvents = YES;
				INFOPLIST_KEY_UILaunchStoryboardName = LaunchScreen;
				INFOPLIST_KEY_UISupportedInterfaceOrientations_iPad = "UIInterfaceOrientationPortrait UIInterfaceOrientationPortraitUpsideDown UIInterfaceOrientationLandscapeLeft UIInterfaceOrientationLandscapeRight";
				INFOPLIST_KEY_UISupportedInterfaceOrientations_iPhone = "UIInterfaceOrientationPortrait UIInterfaceOrientationLandscapeLeft UIInterfaceOrientationLandscapeRight";
				LD_RUNPATH_SEARCH_PATHS = (
					"$(inherited)",
					"@executable_path/Frameworks",
				);
				MARKETING_VERSION = 1.0;
				PRODUCT_BUNDLE_IDENTIFIER = unwire.unwire;
				PRODUCT_NAME = "$(TARGET_NAME)";
				SWIFT_EMIT_LOC_STRINGS = YES;
				SWIFT_VERSION = 5.0;
				TARGETED_DEVICE_FAMILY = "1,2";
			};
			name = Release;
		};
		39FE608D29E417D8006FE94A /* Debug */ = {
			isa = XCBuildConfiguration;
			buildSettings = {
				ALWAYS_EMBED_SWIFT_STANDARD_LIBRARIES = YES;
				BUNDLE_LOADER = "$(TEST_HOST)";
				CODE_SIGN_STYLE = Automatic;
				CURRENT_PROJECT_VERSION = 1;
				GENERATE_INFOPLIST_FILE = YES;
				IPHONEOS_DEPLOYMENT_TARGET = 16.1;
				MARKETING_VERSION = 1.0;
				PRODUCT_BUNDLE_IDENTIFIER = unwire.unwireTests;
				PRODUCT_NAME = "$(TARGET_NAME)";
				SWIFT_EMIT_LOC_STRINGS = NO;
				SWIFT_VERSION = 5.0;
				TARGETED_DEVICE_FAMILY = "1,2";
				TEST_HOST = "$(BUILT_PRODUCTS_DIR)/unwire.app/$(BUNDLE_EXECUTABLE_FOLDER_PATH)/unwire";
			};
			name = Debug;
		};
		39FE608E29E417D8006FE94A /* Release */ = {
			isa = XCBuildConfiguration;
			buildSettings = {
				ALWAYS_EMBED_SWIFT_STANDARD_LIBRARIES = YES;
				BUNDLE_LOADER = "$(TEST_HOST)";
				CODE_SIGN_STYLE = Automatic;
				CURRENT_PROJECT_VERSION = 1;
				GENERATE_INFOPLIST_FILE = YES;
				IPHONEOS_DEPLOYMENT_TARGET = 16.1;
				MARKETING_VERSION = 1.0;
				PRODUCT_BUNDLE_IDENTIFIER = unwire.unwireTests;
				PRODUCT_NAME = "$(TARGET_NAME)";
				SWIFT_EMIT_LOC_STRINGS = NO;
				SWIFT_VERSION = 5.0;
				TARGETED_DEVICE_FAMILY = "1,2";
				TEST_HOST = "$(BUILT_PRODUCTS_DIR)/unwire.app/$(BUNDLE_EXECUTABLE_FOLDER_PATH)/unwire";
			};
			name = Release;
		};
/* End XCBuildConfiguration section */

/* Begin XCConfigurationList section */
		39FE605A29E417D5006FE94A /* Build configuration list for PBXProject "unwire" */ = {
			isa = XCConfigurationList;
			buildConfigurations = (
				39FE608729E417D8006FE94A /* Debug */,
				39FE608829E417D8006FE94A /* Release */,
			);
			defaultConfigurationIsVisible = 0;
			defaultConfigurationName = Release;
		};
		39FE608929E417D8006FE94A /* Build configuration list for PBXNativeTarget "unwire" */ = {
			isa = XCConfigurationList;
			buildConfigurations = (
				39FE608A29E417D8006FE94A /* Debug */,
				39FE608B29E417D8006FE94A /* Release */,
			);
			defaultConfigurationIsVisible = 0;
			defaultConfigurationName = Release;
		};
		39FE608C29E417D8006FE94A /* Build configuration list for PBXNativeTarget "unwireTests" */ = {
			isa = XCConfigurationList;
			buildConfigurations = (
				39FE608D29E417D8006FE94A /* Debug */,
				39FE608E29E417D8006FE94A /* Release */,
			);
			defaultConfigurationIsVisible = 0;
			defaultConfigurationName = Release;
		};
/* End XCConfigurationList section */
	};
	rootObject = 39FE605729E417D5006FE94A /* Project object */;
}
